{
  "name": "vibe-places-data",
  "version": "1.0.0",
  "lockfileVersion": 3,
  "requires": true,
  "packages": {
    "": {
      "name": "vibe-places-data",
      "version": "1.0.0",
      "license": "ISC",
      "dependencies": {
        "@toon-format/toon": "^1.3.0"
      }
    },
    "node_modules/@toon-format/toon": {
      "version": "1.3.0",
      "resolved": "https://registry.npmjs.org/@toon-format/toon/-/toon-1.3.0.tgz",
      "integrity": "sha512-/7sizMjP5DA2yXBKqWo8bp3uSXrlEywn1ROXSkoMfsWEmIdazIPilclnSq/5u+srvgd+2lRuN6GpD2H6DXM01w==",
      "license": "MIT"
    }
  }
}
